// !$*UTF8*$!
{
	archiveVersion = 1;
	classes = {
	};
	objectVersion = 50;
	objects = {

/* Begin PBXBuildFile section */
		2A07344F207249430090CFF1 /* AppDelegate.swift in Sources */ = {isa = PBXBuildFile; fileRef = 2A07344E207249430090CFF1 /* AppDelegate.swift */; };
		2A073454207249430090CFF1 /* Main.storyboard in Resources */ = {isa = PBXBuildFile; fileRef = 2A073452207249430090CFF1 /* Main.storyboard */; };
		2A073456207249430090CFF1 /* Assets.xcassets in Resources */ = {isa = PBXBuildFile; fileRef = 2A073455207249430090CFF1 /* Assets.xcassets */; };
		2A073459207249430090CFF1 /* LaunchScreen.storyboard in Resources */ = {isa = PBXBuildFile; fileRef = 2A073457207249430090CFF1 /* LaunchScreen.storyboard */; };
		2A1CF69E207249F90085D318 /* Person.swift in Sources */ = {isa = PBXBuildFile; fileRef = 2A1CF69D207249F90085D318 /* Person.swift */; };
		2A1CF6A020724A1A0085D318 /* ScoreDetail.swift in Sources */ = {isa = PBXBuildFile; fileRef = 2A1CF69F20724A1A0085D318 /* ScoreDetail.swift */; };
		2A1CF6A220724A9E0085D318 /* Config.swift in Sources */ = {isa = PBXBuildFile; fileRef = 2A1CF6A120724A9E0085D318 /* Config.swift */; };
		2A1CF6AB20724D240085D318 /* PersonListCell.swift in Sources */ = {isa = PBXBuildFile; fileRef = 2A1CF6AA20724D240085D318 /* PersonListCell.swift */; };
		2A1CF6AD20724E990085D318 /* PersonListVC.swift in Sources */ = {isa = PBXBuildFile; fileRef = 2A1CF6AC20724E990085D318 /* PersonListVC.swift */; };
		2A1CF6AF20728C5E0085D318 /* MainTabBarController.swift in Sources */ = {isa = PBXBuildFile; fileRef = 2A1CF6AE20728C5E0085D318 /* MainTabBarController.swift */; };
		2A1CF6B32072917B0085D318 /* BusinessCard.swift in Sources */ = {isa = PBXBuildFile; fileRef = 2A1CF6B22072917B0085D318 /* BusinessCard.swift */; };
		2A1CF6B52073AB0C0085D318 /* BusinessCardVC.swift in Sources */ = {isa = PBXBuildFile; fileRef = 2A1CF6B42073AB0C0085D318 /* BusinessCardVC.swift */; };
		2A1CF6B82073AB680085D318 /* BusinessCardView.swift in Sources */ = {isa = PBXBuildFile; fileRef = 2A1CF6B72073AB680085D318 /* BusinessCardView.swift */; };
		2A1CF6BB2073ABAD0085D318 /* ContactButton.swift in Sources */ = {isa = PBXBuildFile; fileRef = 2A1CF6BA2073ABAD0085D318 /* ContactButton.swift */; };
		2A1CF6BE2073AC280085D318 /* ScoreView.swift in Sources */ = {isa = PBXBuildFile; fileRef = 2A1CF6BD2073AC280085D318 /* ScoreView.swift */; };
		2A1CF6C02073AD4C0085D318 /* LoginVC.swift in Sources */ = {isa = PBXBuildFile; fileRef = 2A1CF6BF2073AD4C0085D318 /* LoginVC.swift */; };
		2A1CF6C32073AD890085D318 /* InputLoginVC.swift in Sources */ = {isa = PBXBuildFile; fileRef = 2A1CF6C22073AD890085D318 /* InputLoginVC.swift */; };
		2ACB22A92089DC4F00B12B0E /* DataProviderType.swift in Sources */ = {isa = PBXBuildFile; fileRef = 2ACB22A82089DC4F00B12B0E /* DataProviderType.swift */; };
		2ACB22AB2089DC5C00B12B0E /* RemoteDataProviderType.swift in Sources */ = {isa = PBXBuildFile; fileRef = 2ACB22AA2089DC5C00B12B0E /* RemoteDataProviderType.swift */; };
		2ACB22AD2089DC7500B12B0E /* RemoteDataProvider.swift in Sources */ = {isa = PBXBuildFile; fileRef = 2ACB22AC2089DC7500B12B0E /* RemoteDataProvider.swift */; };
		2ACB22B02089DCE900B12B0E /* Endpoint.swift in Sources */ = {isa = PBXBuildFile; fileRef = 2ACB22AF2089DCE900B12B0E /* Endpoint.swift */; };
		2ACB22B22089DF3600B12B0E /* AccountCredetials.swift in Sources */ = {isa = PBXBuildFile; fileRef = 2ACB22B12089DF3600B12B0E /* AccountCredetials.swift */; };
		2ACB22B42089DFA600B12B0E /* Login.swift in Sources */ = {isa = PBXBuildFile; fileRef = 2ACB22B32089DFA600B12B0E /* Login.swift */; };
		2ACB22B82089F28B00B12B0E /* Score.swift in Sources */ = {isa = PBXBuildFile; fileRef = 2ACB22B72089F28B00B12B0E /* Score.swift */; };
		2AFE7F372089F9EA0078C3A5 /* PersonListVMType.swift in Sources */ = {isa = PBXBuildFile; fileRef = 2AFE7F362089F9EA0078C3A5 /* PersonListVMType.swift */; };
		2AFE7F392089FA1E0078C3A5 /* PersonListVM.swift in Sources */ = {isa = PBXBuildFile; fileRef = 2AFE7F382089FA1E0078C3A5 /* PersonListVM.swift */; };
		2AFE7F3D2089FCA50078C3A5 /* BusinessCardVM.swift in Sources */ = {isa = PBXBuildFile; fileRef = 2AFE7F3C2089FCA50078C3A5 /* BusinessCardVM.swift */; };
		2AFE7F402089FE1D0078C3A5 /* InputLoginVM.swift in Sources */ = {isa = PBXBuildFile; fileRef = 2AFE7F3F2089FE1D0078C3A5 /* InputLoginVM.swift */; };
/* End PBXBuildFile section */

/* Begin PBXFileReference section */
		2A07344B207249430090CFF1 /* third-hw.app */ = {isa = PBXFileReference; explicitFileType = wrapper.application; includeInIndex = 0; path = "third-hw.app"; sourceTree = BUILT_PRODUCTS_DIR; };
		2A07344E207249430090CFF1 /* AppDelegate.swift */ = {isa = PBXFileReference; lastKnownFileType = sourcecode.swift; path = AppDelegate.swift; sourceTree = "<group>"; };
		2A073453207249430090CFF1 /* Base */ = {isa = PBXFileReference; lastKnownFileType = file.storyboard; name = Base; path = Base.lproj/Main.storyboard; sourceTree = "<group>"; };
		2A073455207249430090CFF1 /* Assets.xcassets */ = {isa = PBXFileReference; lastKnownFileType = folder.assetcatalog; path = Assets.xcassets; sourceTree = "<group>"; };
		2A073458207249430090CFF1 /* Base */ = {isa = PBXFileReference; lastKnownFileType = file.storyboard; name = Base; path = Base.lproj/LaunchScreen.storyboard; sourceTree = "<group>"; };
		2A07345A207249430090CFF1 /* Info.plist */ = {isa = PBXFileReference; lastKnownFileType = text.plist.xml; path = Info.plist; sourceTree = "<group>"; };
		2A1CF69D207249F90085D318 /* Person.swift */ = {isa = PBXFileReference; lastKnownFileType = sourcecode.swift; path = Person.swift; sourceTree = "<group>"; };
		2A1CF69F20724A1A0085D318 /* ScoreDetail.swift */ = {isa = PBXFileReference; lastKnownFileType = sourcecode.swift; path = ScoreDetail.swift; sourceTree = "<group>"; };
		2A1CF6A120724A9E0085D318 /* Config.swift */ = {isa = PBXFileReference; lastKnownFileType = sourcecode.swift; path = Config.swift; sourceTree = "<group>"; };
		2A1CF6AA20724D240085D318 /* PersonListCell.swift */ = {isa = PBXFileReference; lastKnownFileType = sourcecode.swift; path = PersonListCell.swift; sourceTree = "<group>"; };
		2A1CF6AC20724E990085D318 /* PersonListVC.swift */ = {isa = PBXFileReference; lastKnownFileType = sourcecode.swift; path = PersonListVC.swift; sourceTree = "<group>"; };
		2A1CF6AE20728C5E0085D318 /* MainTabBarController.swift */ = {isa = PBXFileReference; lastKnownFileType = sourcecode.swift; path = MainTabBarController.swift; sourceTree = "<group>"; };
		2A1CF6B22072917B0085D318 /* BusinessCard.swift */ = {isa = PBXFileReference; lastKnownFileType = sourcecode.swift; path = BusinessCard.swift; sourceTree = "<group>"; };
		2A1CF6B42073AB0C0085D318 /* BusinessCardVC.swift */ = {isa = PBXFileReference; lastKnownFileType = sourcecode.swift; path = BusinessCardVC.swift; sourceTree = "<group>"; };
		2A1CF6B72073AB680085D318 /* BusinessCardView.swift */ = {isa = PBXFileReference; lastKnownFileType = sourcecode.swift; path = BusinessCardView.swift; sourceTree = "<group>"; };
		2A1CF6BA2073ABAD0085D318 /* ContactButton.swift */ = {isa = PBXFileReference; lastKnownFileType = sourcecode.swift; path = ContactButton.swift; sourceTree = "<group>"; };
		2A1CF6BD2073AC280085D318 /* ScoreView.swift */ = {isa = PBXFileReference; lastKnownFileType = sourcecode.swift; path = ScoreView.swift; sourceTree = "<group>"; };
		2A1CF6BF2073AD4C0085D318 /* LoginVC.swift */ = {isa = PBXFileReference; lastKnownFileType = sourcecode.swift; path = LoginVC.swift; sourceTree = "<group>"; };
		2A1CF6C22073AD890085D318 /* InputLoginVC.swift */ = {isa = PBXFileReference; lastKnownFileType = sourcecode.swift; path = InputLoginVC.swift; sourceTree = "<group>"; };
		2ACB22A82089DC4F00B12B0E /* DataProviderType.swift */ = {isa = PBXFileReference; lastKnownFileType = sourcecode.swift; path = DataProviderType.swift; sourceTree = "<group>"; };
		2ACB22AA2089DC5C00B12B0E /* RemoteDataProviderType.swift */ = {isa = PBXFileReference; lastKnownFileType = sourcecode.swift; path = RemoteDataProviderType.swift; sourceTree = "<group>"; };
		2ACB22AC2089DC7500B12B0E /* RemoteDataProvider.swift */ = {isa = PBXFileReference; lastKnownFileType = sourcecode.swift; path = RemoteDataProvider.swift; sourceTree = "<group>"; };
		2ACB22AF2089DCE900B12B0E /* Endpoint.swift */ = {isa = PBXFileReference; lastKnownFileType = sourcecode.swift; path = Endpoint.swift; sourceTree = "<group>"; };
		2ACB22B12089DF3600B12B0E /* AccountCredetials.swift */ = {isa = PBXFileReference; lastKnownFileType = sourcecode.swift; path = AccountCredetials.swift; sourceTree = "<group>"; };
		2ACB22B32089DFA600B12B0E /* Login.swift */ = {isa = PBXFileReference; lastKnownFileType = sourcecode.swift; path = Login.swift; sourceTree = "<group>"; };
		2ACB22B72089F28B00B12B0E /* Score.swift */ = {isa = PBXFileReference; lastKnownFileType = sourcecode.swift; path = Score.swift; sourceTree = "<group>"; };
		2AFE7F362089F9EA0078C3A5 /* PersonListVMType.swift */ = {isa = PBXFileReference; lastKnownFileType = sourcecode.swift; path = PersonListVMType.swift; sourceTree = "<group>"; };
		2AFE7F382089FA1E0078C3A5 /* PersonListVM.swift */ = {isa = PBXFileReference; lastKnownFileType = sourcecode.swift; path = PersonListVM.swift; sourceTree = "<group>"; };
		2AFE7F3C2089FCA50078C3A5 /* BusinessCardVM.swift */ = {isa = PBXFileReference; lastKnownFileType = sourcecode.swift; path = BusinessCardVM.swift; sourceTree = "<group>"; };
		2AFE7F3F2089FE1D0078C3A5 /* InputLoginVM.swift */ = {isa = PBXFileReference; lastKnownFileType = sourcecode.swift; path = InputLoginVM.swift; sourceTree = "<group>"; };
/* End PBXFileReference section */

/* Begin PBXFrameworksBuildPhase section */
		2A073448207249430090CFF1 /* Frameworks */ = {
			isa = PBXFrameworksBuildPhase;
			buildActionMask = 2147483647;
			files = (
			);
			runOnlyForDeploymentPostprocessing = 0;
		};
/* End PBXFrameworksBuildPhase section */

/* Begin PBXGroup section */
		2A073442207249430090CFF1 = {
			isa = PBXGroup;
			children = (
				2A07344D207249430090CFF1 /* fifth-hw */,
				2A07344C207249430090CFF1 /* Products */,
			);
			sourceTree = "<group>";
		};
		2A07344C207249430090CFF1 /* Products */ = {
			isa = PBXGroup;
			children = (
				2A07344B207249430090CFF1 /* third-hw.app */,
			);
			name = Products;
			sourceTree = "<group>";
		};
		2A07344D207249430090CFF1 /* fifth-hw */ = {
			isa = PBXGroup;
			children = (
				2AFE7F342089F9C60078C3A5 /* ViewModel */,
				2A1CF6A920724D0C0085D318 /* View */,
				2A1CF6A520724C100085D318 /* Common */,
				2A073460207249610090CFF1 /* Model */,
				2A07344E207249430090CFF1 /* AppDelegate.swift */,
				2A1CF6AE20728C5E0085D318 /* MainTabBarController.swift */,
				2A073452207249430090CFF1 /* Main.storyboard */,
				2A073455207249430090CFF1 /* Assets.xcassets */,
				2A073457207249430090CFF1 /* LaunchScreen.storyboard */,
				2A07345A207249430090CFF1 /* Info.plist */,
				2A1CF6A120724A9E0085D318 /* Config.swift */,
			);
			path = "fifth-hw";
			sourceTree = "<group>";
		};
		2A073460207249610090CFF1 /* Model */ = {
			isa = PBXGroup;
			children = (
				2A1CF69D207249F90085D318 /* Person.swift */,
				2A1CF69F20724A1A0085D318 /* ScoreDetail.swift */,
				2A1CF6B22072917B0085D318 /* BusinessCard.swift */,
				2ACB22B12089DF3600B12B0E /* AccountCredetials.swift */,
				2ACB22B32089DFA600B12B0E /* Login.swift */,
				2ACB22B72089F28B00B12B0E /* Score.swift */,
			);
			path = Model;
			sourceTree = "<group>";
		};
		2A1A580B2098A1F90029B7D3 /* DataProvider */ = {
			isa = PBXGroup;
			children = (
				2ACB22A82089DC4F00B12B0E /* DataProviderType.swift */,
				2ACB22AA2089DC5C00B12B0E /* RemoteDataProviderType.swift */,
				2ACB22AC2089DC7500B12B0E /* RemoteDataProvider.swift */,
			);
			path = DataProvider;
			sourceTree = "<group>";
		};
		2A1CF6A520724C100085D318 /* Common */ = {
			isa = PBXGroup;
			children = (
				2A1A580B2098A1F90029B7D3 /* DataProvider */,
				2ACB22AE2089DCE000B12B0E /* Enum */,
			);
			path = Common;
			sourceTree = "<group>";
		};
		2A1CF6A920724D0C0085D318 /* View */ = {
			isa = PBXGroup;
			children = (
				2AFE7F3A2089FAC30078C3A5 /* Login */,
				2A1CF6C62073ADB80085D318 /* BusinessCard */,
				2A1CF6C52073ADA90085D318 /* PersonList */,
			);
			path = View;
			sourceTree = "<group>";
		};
		2A1CF6C52073ADA90085D318 /* PersonList */ = {
			isa = PBXGroup;
			children = (
				2A1CF6AC20724E990085D318 /* PersonListVC.swift */,
				2A1CF6AA20724D240085D318 /* PersonListCell.swift */,
			);
			path = PersonList;
			sourceTree = "<group>";
		};
		2A1CF6C62073ADB80085D318 /* BusinessCard */ = {
			isa = PBXGroup;
			children = (
				2A1CF6B42073AB0C0085D318 /* BusinessCardVC.swift */,
				2A1CF6BA2073ABAD0085D318 /* ContactButton.swift */,
				2A1CF6B72073AB680085D318 /* BusinessCardView.swift */,
				2A1CF6BD2073AC280085D318 /* ScoreView.swift */,
			);
			path = BusinessCard;
			sourceTree = "<group>";
		};
		2ACB22AE2089DCE000B12B0E /* Enum */ = {
			isa = PBXGroup;
			children = (
				2ACB22AF2089DCE900B12B0E /* Endpoint.swift */,
			);
			path = Enum;
			sourceTree = "<group>";
		};
		2AFE7F342089F9C60078C3A5 /* ViewModel */ = {
			isa = PBXGroup;
			children = (
				2AFE7F3E2089FDF60078C3A5 /* Login */,
				2AFE7F3B2089FC890078C3A5 /* BusinessCard */,
				2AFE7F352089F9CF0078C3A5 /* PersonList */,
			);
			path = ViewModel;
			sourceTree = "<group>";
		};
		2AFE7F352089F9CF0078C3A5 /* PersonList */ = {
			isa = PBXGroup;
			children = (
				2AFE7F362089F9EA0078C3A5 /* PersonListVMType.swift */,
				2AFE7F382089FA1E0078C3A5 /* PersonListVM.swift */,
			);
			path = PersonList;
			sourceTree = "<group>";
		};
		2AFE7F3A2089FAC30078C3A5 /* Login */ = {
			isa = PBXGroup;
			children = (
				2A1CF6BF2073AD4C0085D318 /* LoginVC.swift */,
				2A1CF6C22073AD890085D318 /* InputLoginVC.swift */,
			);
			path = Login;
			sourceTree = "<group>";
		};
		2AFE7F3B2089FC890078C3A5 /* BusinessCard */ = {
			isa = PBXGroup;
			children = (
				2AFE7F3C2089FCA50078C3A5 /* BusinessCardVM.swift */,
			);
			path = BusinessCard;
			sourceTree = "<group>";
		};
		2AFE7F3E2089FDF60078C3A5 /* Login */ = {
			isa = PBXGroup;
			children = (
				2AFE7F3F2089FE1D0078C3A5 /* InputLoginVM.swift */,
			);
			path = Login;
			sourceTree = "<group>";
		};
/* End PBXGroup section */

/* Begin PBXNativeTarget section */
		2A07344A207249430090CFF1 /* third-hw */ = {
			isa = PBXNativeTarget;
			buildConfigurationList = 2A07345D207249430090CFF1 /* Build configuration list for PBXNativeTarget "third-hw" */;
			buildPhases = (
				2A073447207249430090CFF1 /* Sources */,
				2A073448207249430090CFF1 /* Frameworks */,
				2A073449207249430090CFF1 /* Resources */,
			);
			buildRules = (
			);
			dependencies = (
			);
			name = "third-hw";
			productName = "third-hw";
			productReference = 2A07344B207249430090CFF1 /* third-hw.app */;
			productType = "com.apple.product-type.application";
		};
/* End PBXNativeTarget section */

/* Begin PBXProject section */
		2A073443207249430090CFF1 /* Project object */ = {
			isa = PBXProject;
			attributes = {
				LastSwiftUpdateCheck = 0930;
				LastUpgradeCheck = 0930;
				ORGANIZATIONNAME = "Michal Kroupa";
				TargetAttributes = {
					2A07344A207249430090CFF1 = {
						CreatedOnToolsVersion = 9.3;
						LastSwiftMigration = 0930;
					};
				};
			};
			buildConfigurationList = 2A073446207249430090CFF1 /* Build configuration list for PBXProject "fifth-hw" */;
			compatibilityVersion = "Xcode 9.3";
			developmentRegion = en;
			hasScannedForEncodings = 0;
			knownRegions = (
				en,
				Base,
			);
			mainGroup = 2A073442207249430090CFF1;
			productRefGroup = 2A07344C207249430090CFF1 /* Products */;
			projectDirPath = "";
			projectRoot = "";
			targets = (
				2A07344A207249430090CFF1 /* third-hw */,
			);
		};
/* End PBXProject section */

/* Begin PBXResourcesBuildPhase section */
		2A073449207249430090CFF1 /* Resources */ = {
			isa = PBXResourcesBuildPhase;
			buildActionMask = 2147483647;
			files = (
				2A073459207249430090CFF1 /* LaunchScreen.storyboard in Resources */,
				2A073456207249430090CFF1 /* Assets.xcassets in Resources */,
				2A073454207249430090CFF1 /* Main.storyboard in Resources */,
			);
			runOnlyForDeploymentPostprocessing = 0;
		};
/* End PBXResourcesBuildPhase section */

/* Begin PBXSourcesBuildPhase section */
		2A073447207249430090CFF1 /* Sources */ = {
			isa = PBXSourcesBuildPhase;
			buildActionMask = 2147483647;
			files = (
				2A1CF69E207249F90085D318 /* Person.swift in Sources */,
				2A1CF6B82073AB680085D318 /* BusinessCardView.swift in Sources */,
				2A1CF6AF20728C5E0085D318 /* MainTabBarController.swift in Sources */,
				2AFE7F392089FA1E0078C3A5 /* PersonListVM.swift in Sources */,
				2AFE7F402089FE1D0078C3A5 /* InputLoginVM.swift in Sources */,
				2A1CF6AB20724D240085D318 /* PersonListCell.swift in Sources */,
				2A1CF6AD20724E990085D318 /* PersonListVC.swift in Sources */,
				2A1CF6BB2073ABAD0085D318 /* ContactButton.swift in Sources */,
				2ACB22B02089DCE900B12B0E /* Endpoint.swift in Sources */,
				2A1CF6A220724A9E0085D318 /* Config.swift in Sources */,
				2ACB22AD2089DC7500B12B0E /* RemoteDataProvider.swift in Sources */,
				2AFE7F372089F9EA0078C3A5 /* PersonListVMType.swift in Sources */,
				2A1CF6B52073AB0C0085D318 /* BusinessCardVC.swift in Sources */,
				2ACB22B82089F28B00B12B0E /* Score.swift in Sources */,
				2A1CF6B32072917B0085D318 /* BusinessCard.swift in Sources */,
				2ACB22A92089DC4F00B12B0E /* DataProviderType.swift in Sources */,
				2ACB22B22089DF3600B12B0E /* AccountCredetials.swift in Sources */,
				2AFE7F3D2089FCA50078C3A5 /* BusinessCardVM.swift in Sources */,
				2A1CF6C02073AD4C0085D318 /* LoginVC.swift in Sources */,
				2A1CF6A020724A1A0085D318 /* ScoreDetail.swift in Sources */,
				2ACB22B42089DFA600B12B0E /* Login.swift in Sources */,
				2A1CF6C32073AD890085D318 /* InputLoginVC.swift in Sources */,
				2A07344F207249430090CFF1 /* AppDelegate.swift in Sources */,
				2ACB22AB2089DC5C00B12B0E /* RemoteDataProviderType.swift in Sources */,
				2A1CF6BE2073AC280085D318 /* ScoreView.swift in Sources */,
			);
			runOnlyForDeploymentPostprocessing = 0;
		};
/* End PBXSourcesBuildPhase section */

/* Begin PBXVariantGroup section */
		2A073452207249430090CFF1 /* Main.storyboard */ = {
			isa = PBXVariantGroup;
			children = (
				2A073453207249430090CFF1 /* Base */,
			);
			name = Main.storyboard;
			sourceTree = "<group>";
		};
		2A073457207249430090CFF1 /* LaunchScreen.storyboard */ = {
			isa = PBXVariantGroup;
			children = (
				2A073458207249430090CFF1 /* Base */,
			);
			name = LaunchScreen.storyboard;
			sourceTree = "<group>";
		};
/* End PBXVariantGroup section */

/* Begin XCBuildConfiguration section */
		2A07345B207249430090CFF1 /* Debug */ = {
			isa = XCBuildConfiguration;
			buildSettings = {
				ALWAYS_SEARCH_USER_PATHS = NO;
				CLANG_ANALYZER_NONNULL = YES;
				CLANG_ANALYZER_NUMBER_OBJECT_CONVERSION = YES_AGGRESSIVE;
				CLANG_CXX_LANGUAGE_STANDARD = "gnu++14";
				CLANG_CXX_LIBRARY = "libc++";
				CLANG_ENABLE_MODULES = YES;
				CLANG_ENABLE_OBJC_ARC = YES;
				CLANG_ENABLE_OBJC_WEAK = YES;
				CLANG_WARN_BLOCK_CAPTURE_AUTORELEASING = YES;
				CLANG_WARN_BOOL_CONVERSION = YES;
				CLANG_WARN_COMMA = YES;
				CLANG_WARN_CONSTANT_CONVERSION = YES;
				CLANG_WARN_DEPRECATED_OBJC_IMPLEMENTATIONS = YES;
				CLANG_WARN_DIRECT_OBJC_ISA_USAGE = YES_ERROR;
				CLANG_WARN_DOCUMENTATION_COMMENTS = YES;
				CLANG_WARN_EMPTY_BODY = YES;
				CLANG_WARN_ENUM_CONVERSION = YES;
				CLANG_WARN_INFINITE_RECURSION = YES;
				CLANG_WARN_INT_CONVERSION = YES;
				CLANG_WARN_NON_LITERAL_NULL_CONVERSION = YES;
				CLANG_WARN_OBJC_IMPLICIT_RETAIN_SELF = YES;
				CLANG_WARN_OBJC_LITERAL_CONVERSION = YES;
				CLANG_WARN_OBJC_ROOT_CLASS = YES_ERROR;
				CLANG_WARN_RANGE_LOOP_ANALYSIS = YES;
				CLANG_WARN_STRICT_PROTOTYPES = YES;
				CLANG_WARN_SUSPICIOUS_MOVE = YES;
				CLANG_WARN_UNGUARDED_AVAILABILITY = YES_AGGRESSIVE;
				CLANG_WARN_UNREACHABLE_CODE = YES;
				CLANG_WARN__DUPLICATE_METHOD_MATCH = YES;
				CODE_SIGN_IDENTITY = "iPhone Developer";
				COPY_PHASE_STRIP = NO;
				DEBUG_INFORMATION_FORMAT = dwarf;
				ENABLE_STRICT_OBJC_MSGSEND = YES;
				ENABLE_TESTABILITY = YES;
				GCC_C_LANGUAGE_STANDARD = gnu11;
				GCC_DYNAMIC_NO_PIC = NO;
				GCC_NO_COMMON_BLOCKS = YES;
				GCC_OPTIMIZATION_LEVEL = 0;
				GCC_PREPROCESSOR_DEFINITIONS = (
					"DEBUG=1",
					"$(inherited)",
				);
				GCC_WARN_64_TO_32_BIT_CONVERSION = YES;
				GCC_WARN_ABOUT_RETURN_TYPE = YES_ERROR;
				GCC_WARN_UNDECLARED_SELECTOR = YES;
				GCC_WARN_UNINITIALIZED_AUTOS = YES_AGGRESSIVE;
				GCC_WARN_UNUSED_FUNCTION = YES;
				GCC_WARN_UNUSED_VARIABLE = YES;
				IPHONEOS_DEPLOYMENT_TARGET = 11.3;
				MTL_ENABLE_DEBUG_INFO = YES;
				ONLY_ACTIVE_ARCH = YES;
				SDKROOT = iphoneos;
				SWIFT_ACTIVE_COMPILATION_CONDITIONS = DEBUG;
				SWIFT_OPTIMIZATION_LEVEL = "-Onone";
			};
			name = Debug;
		};
		2A07345C207249430090CFF1 /* Release */ = {
			isa = XCBuildConfiguration;
			buildSettings = {
				ALWAYS_SEARCH_USER_PATHS = NO;
				CLANG_ANALYZER_NONNULL = YES;
				CLANG_ANALYZER_NUMBER_OBJECT_CONVERSION = YES_AGGRESSIVE;
				CLANG_CXX_LANGUAGE_STANDARD = "gnu++14";
				CLANG_CXX_LIBRARY = "libc++";
				CLANG_ENABLE_MODULES = YES;
				CLANG_ENABLE_OBJC_ARC = YES;
				CLANG_ENABLE_OBJC_WEAK = YES;
				CLANG_WARN_BLOCK_CAPTURE_AUTORELEASING = YES;
				CLANG_WARN_BOOL_CONVERSION = YES;
				CLANG_WARN_COMMA = YES;
				CLANG_WARN_CONSTANT_CONVERSION = YES;
				CLANG_WARN_DEPRECATED_OBJC_IMPLEMENTATIONS = YES;
				CLANG_WARN_DIRECT_OBJC_ISA_USAGE = YES_ERROR;
				CLANG_WARN_DOCUMENTATION_COMMENTS = YES;
				CLANG_WARN_EMPTY_BODY = YES;
				CLANG_WARN_ENUM_CONVERSION = YES;
				CLANG_WARN_INFINITE_RECURSION = YES;
				CLANG_WARN_INT_CONVERSION = YES;
				CLANG_WARN_NON_LITERAL_NULL_CONVERSION = YES;
				CLANG_WARN_OBJC_IMPLICIT_RETAIN_SELF = YES;
				CLANG_WARN_OBJC_LITERAL_CONVERSION = YES;
				CLANG_WARN_OBJC_ROOT_CLASS = YES_ERROR;
				CLANG_WARN_RANGE_LOOP_ANALYSIS = YES;
				CLANG_WARN_STRICT_PROTOTYPES = YES;
				CLANG_WARN_SUSPICIOUS_MOVE = YES;
				CLANG_WARN_UNGUARDED_AVAILABILITY = YES_AGGRESSIVE;
				CLANG_WARN_UNREACHABLE_CODE = YES;
				CLANG_WARN__DUPLICATE_METHOD_MATCH = YES;
				CODE_SIGN_IDENTITY = "iPhone Developer";
				COPY_PHASE_STRIP = NO;
				DEBUG_INFORMATION_FORMAT = "dwarf-with-dsym";
				ENABLE_NS_ASSERTIONS = NO;
				ENABLE_STRICT_OBJC_MSGSEND = YES;
				GCC_C_LANGUAGE_STANDARD = gnu11;
				GCC_NO_COMMON_BLOCKS = YES;
				GCC_WARN_64_TO_32_BIT_CONVERSION = YES;
				GCC_WARN_ABOUT_RETURN_TYPE = YES_ERROR;
				GCC_WARN_UNDECLARED_SELECTOR = YES;
				GCC_WARN_UNINITIALIZED_AUTOS = YES_AGGRESSIVE;
				GCC_WARN_UNUSED_FUNCTION = YES;
				GCC_WARN_UNUSED_VARIABLE = YES;
				IPHONEOS_DEPLOYMENT_TARGET = 11.3;
				MTL_ENABLE_DEBUG_INFO = NO;
				SDKROOT = iphoneos;
				SWIFT_COMPILATION_MODE = wholemodule;
				SWIFT_OPTIMIZATION_LEVEL = "-O";
				VALIDATE_PRODUCT = YES;
			};
			name = Release;
		};
		2A07345E207249430090CFF1 /* Debug */ = {
			isa = XCBuildConfiguration;
			buildSettings = {
				ASSETCATALOG_COMPILER_APPICON_NAME = AppIcon;
				CLANG_ENABLE_MODULES = YES;
				CODE_SIGN_STYLE = Automatic;
				DEVELOPMENT_TEAM = 37P3A5TJDG;
				INFOPLIST_FILE = "$(SRCROOT)/fifth-hw/Info.plist";
				LD_RUNPATH_SEARCH_PATHS = (
					"$(inherited)",
					"@executable_path/Frameworks",
				);
				PRODUCT_BUNDLE_IDENTIFIER = "cz.michalkroupa.fifth-hw";
				PRODUCT_NAME = "$(TARGET_NAME)";
				SWIFT_OPTIMIZATION_LEVEL = "-Onone";
				SWIFT_VERSION = 4.0;
				TARGETED_DEVICE_FAMILY = "1,2";
			};
			name = Debug;
		};
		2A07345F207249430090CFF1 /* Release */ = {
			isa = XCBuildConfiguration;
			buildSettings = {
				ASSETCATALOG_COMPILER_APPICON_NAME = AppIcon;
				CLANG_ENABLE_MODULES = YES;
				CODE_SIGN_STYLE = Automatic;
				DEVELOPMENT_TEAM = 37P3A5TJDG;
				INFOPLIST_FILE = "$(SRCROOT)/fifth-hw/Info.plist";
				LD_RUNPATH_SEARCH_PATHS = (
					"$(inherited)",
					"@executable_path/Frameworks",
				);
				PRODUCT_BUNDLE_IDENTIFIER = "cz.michalkroupa.fifth-hw";
				PRODUCT_NAME = "$(TARGET_NAME)";
				SWIFT_VERSION = 4.0;
				TARGETED_DEVICE_FAMILY = "1,2";
			};
			name = Release;
		};
/* End XCBuildConfiguration section */

/* Begin XCConfigurationList section */
		2A073446207249430090CFF1 /* Build configuration list for PBXProject "fifth-hw" */ = {
			isa = XCConfigurationList;
			buildConfigurations = (
				2A07345B207249430090CFF1 /* Debug */,
				2A07345C207249430090CFF1 /* Release */,
			);
			defaultConfigurationIsVisible = 0;
			defaultConfigurationName = Release;
		};
		2A07345D207249430090CFF1 /* Build configuration list for PBXNativeTarget "third-hw" */ = {
			isa = XCConfigurationList;
			buildConfigurations = (
				2A07345E207249430090CFF1 /* Debug */,
				2A07345F207249430090CFF1 /* Release */,
			);
			defaultConfigurationIsVisible = 0;
			defaultConfigurationName = Release;
		};
/* End XCConfigurationList section */
	};
	rootObject = 2A073443207249430090CFF1 /* Project object */;
}
